{
  "name": "paypal-rules",
  "version": "0.1.0",
  "lockfileVersion": 3,
  "requires": true,
  "packages": {
    "": {
      "name": "paypal-rules",
      "version": "0.1.0",
      "dependencies": {
        "@openbpl/sdk": "file:../../../sdk"
      }
    },
    "../../../sdk": {
      "name": "@openbpl/sdk",
      "version": "0.1.0",
      "license": "MIT",
      "dependencies": {
        "cheerio": "^1.0.0"
      },
      "devDependencies": {
        "@types/node": "^25.6.1",
        "typescript": "^5.8.0"
      }
    },
    "../../sdk": {
      "extraneous": true
    },
    "node_modules/@openbpl/sdk": {
      "resolved": "../../../sdk",
      "link": true
    }
  }
}
